# THIS IS AN AUTOGENERATED FILE. DO NOT EDIT THIS FILE DIRECTLY.
# yarn lockfile v1


xstate@^4.14.1:
  version "4.14.1"
  resolved "https://registry.yarnpkg.com/xstate/-/xstate-4.14.1.tgz#8902304944aa78ef5bdfa818ca2ca5fd109a3959"
  integrity sha512-1LyR5c6wgA41660Cp8Dq5VWRtS75l+KnjysgpgZI9FVLvYl5BF2FmkfT5CAlTIo+CKfj/4IznQYkYfURxuY6WA==
